
Microsoft Visual Studio Solution File, Format Version 12.00
# Visual Studio 2012
Project("{8BC9CEB8-8B4A-11D0-8D11-00A0C91BC942}") = "48-Item48", "48-Item48.vcxproj", "{CDAC786E-2551-421D-AD74-970A06AABADB}"
EndProject
Global
	GlobalSection(SolutionConfigurationPlatforms) = preSolution
		Debug|Win32 = Debug|Win32
		Release|Win32 = Release|Win32
	EndGlobalSection
	GlobalSection(ProjectConfigurationPlatforms) = postSolution
		{CDAC786E-2551-421D-AD74-970A06AABADB}.Debug|Win32.ActiveCfg = Debug|Win32
		{CDAC786E-2551-421D-AD74-970A06AABADB}.Debug|Win32.Build.0 = Debug|Win32
		{CDAC786E-2551-421D-AD74-970A06AABADB}.Debug|Win32.Deploy.0 = Debug|Win32
		{CDAC786E-2551-421D-AD74-970A06AABADB}.Release|Win32.ActiveCfg = Release|Win32
		{CDAC786E-2551-421D-AD74-970A06AABADB}.Release|Win32.Build.0 = Release|Win32
		{CDAC786E-2551-421D-AD74-970A06AABADB}.Release|Win32.Deploy.0 = Release|Win32
	EndGlobalSection
	GlobalSection(SolutionProperties) = preSolution
		HideSolutionNode = FALSE
	EndGlobalSection
	GlobalSection(ExtensibilityGlobals) = postSolution
		VisualSVNWorkingCopyRoot = .
	EndGlobalSection
EndGlobal
