
Microsoft Visual Studio Solution File, Format Version 12.00
# Visual Studio 2012
Project("{8BC9CEB8-8B4A-11D0-8D11-00A0C91BC942}") = "29-Item29", "29-Item29.vcxproj", "{B85D35C0-D146-4095-B3D0-C89F4FC7C4F8}"
EndProject
Global
	GlobalSection(SolutionConfigurationPlatforms) = preSolution
		Debug|Win32 = Debug|Win32
		Release|Win32 = Release|Win32
	EndGlobalSection
	GlobalSection(ProjectConfigurationPlatforms) = postSolution
		{B85D35C0-D146-4095-B3D0-C89F4FC7C4F8}.Debug|Win32.ActiveCfg = Debug|Win32
		{B85D35C0-D146-4095-B3D0-C89F4FC7C4F8}.Debug|Win32.Build.0 = Debug|Win32
		{B85D35C0-D146-4095-B3D0-C89F4FC7C4F8}.Debug|Win32.Deploy.0 = Debug|Win32
		{B85D35C0-D146-4095-B3D0-C89F4FC7C4F8}.Release|Win32.ActiveCfg = Release|Win32
		{B85D35C0-D146-4095-B3D0-C89F4FC7C4F8}.Release|Win32.Build.0 = Release|Win32
		{B85D35C0-D146-4095-B3D0-C89F4FC7C4F8}.Release|Win32.Deploy.0 = Release|Win32
	EndGlobalSection
	GlobalSection(SolutionProperties) = preSolution
		HideSolutionNode = FALSE
	EndGlobalSection
	GlobalSection(ExtensibilityGlobals) = postSolution
		VisualSVNWorkingCopyRoot = .
	EndGlobalSection
EndGlobal
