
Microsoft Visual Studio Solution File, Format Version 12.00
# Visual Studio 2012
Project("{8BC9CEB8-8B4A-11D0-8D11-00A0C91BC942}") = "02-Item02", "02-Item02.vcxproj", "{C135E135-6CB8-4198-849B-8065F9A74476}"
EndProject
Global
	GlobalSection(SolutionConfigurationPlatforms) = preSolution
		Debug|Win32 = Debug|Win32
		Release|Win32 = Release|Win32
	EndGlobalSection
	GlobalSection(ProjectConfigurationPlatforms) = postSolution
		{C135E135-6CB8-4198-849B-8065F9A74476}.Debug|Win32.ActiveCfg = Debug|Win32
		{C135E135-6CB8-4198-849B-8065F9A74476}.Debug|Win32.Build.0 = Debug|Win32
		{C135E135-6CB8-4198-849B-8065F9A74476}.Release|Win32.ActiveCfg = Release|Win32
		{C135E135-6CB8-4198-849B-8065F9A74476}.Release|Win32.Build.0 = Release|Win32
	EndGlobalSection
	GlobalSection(SolutionProperties) = preSolution
		HideSolutionNode = FALSE
	EndGlobalSection
EndGlobal
