
Microsoft Visual Studio Solution File, Format Version 12.00
# Visual Studio 2012
Project("{8BC9CEB8-8B4A-11D0-8D11-00A0C91BC942}") = "26-Item26", "26-Item26.vcxproj", "{E8D9A78B-5021-4A3D-934D-458FE93F64AA}"
EndProject
Global
	GlobalSection(SolutionConfigurationPlatforms) = preSolution
		Debug|Win32 = Debug|Win32
		Release|Win32 = Release|Win32
	EndGlobalSection
	GlobalSection(ProjectConfigurationPlatforms) = postSolution
		{E8D9A78B-5021-4A3D-934D-458FE93F64AA}.Debug|Win32.ActiveCfg = Debug|Win32
		{E8D9A78B-5021-4A3D-934D-458FE93F64AA}.Debug|Win32.Build.0 = Debug|Win32
		{E8D9A78B-5021-4A3D-934D-458FE93F64AA}.Debug|Win32.Deploy.0 = Debug|Win32
		{E8D9A78B-5021-4A3D-934D-458FE93F64AA}.Release|Win32.ActiveCfg = Release|Win32
		{E8D9A78B-5021-4A3D-934D-458FE93F64AA}.Release|Win32.Build.0 = Release|Win32
		{E8D9A78B-5021-4A3D-934D-458FE93F64AA}.Release|Win32.Deploy.0 = Release|Win32
	EndGlobalSection
	GlobalSection(SolutionProperties) = preSolution
		HideSolutionNode = FALSE
	EndGlobalSection
	GlobalSection(ExtensibilityGlobals) = postSolution
		VisualSVNWorkingCopyRoot = .
	EndGlobalSection
EndGlobal
