
Microsoft Visual Studio Solution File, Format Version 12.00
# Visual Studio 2012
Project("{8BC9CEB8-8B4A-11D0-8D11-00A0C91BC942}") = "36-Item36", "36-Item36.vcxproj", "{E916CEE5-7725-421C-8AED-B5CC93A97BFB}"
EndProject
Global
	GlobalSection(SolutionConfigurationPlatforms) = preSolution
		Debug|Win32 = Debug|Win32
		Release|Win32 = Release|Win32
	EndGlobalSection
	GlobalSection(ProjectConfigurationPlatforms) = postSolution
		{E916CEE5-7725-421C-8AED-B5CC93A97BFB}.Debug|Win32.ActiveCfg = Debug|Win32
		{E916CEE5-7725-421C-8AED-B5CC93A97BFB}.Debug|Win32.Build.0 = Debug|Win32
		{E916CEE5-7725-421C-8AED-B5CC93A97BFB}.Debug|Win32.Deploy.0 = Debug|Win32
		{E916CEE5-7725-421C-8AED-B5CC93A97BFB}.Release|Win32.ActiveCfg = Release|Win32
		{E916CEE5-7725-421C-8AED-B5CC93A97BFB}.Release|Win32.Build.0 = Release|Win32
		{E916CEE5-7725-421C-8AED-B5CC93A97BFB}.Release|Win32.Deploy.0 = Release|Win32
	EndGlobalSection
	GlobalSection(SolutionProperties) = preSolution
		HideSolutionNode = FALSE
	EndGlobalSection
	GlobalSection(ExtensibilityGlobals) = postSolution
		VisualSVNWorkingCopyRoot = .
	EndGlobalSection
EndGlobal
