
Microsoft Visual Studio Solution File, Format Version 12.00
# Visual Studio 2012
Project("{8BC9CEB8-8B4A-11D0-8D11-00A0C91BC942}") = "53-Item53", "53-Item53.vcxproj", "{127D52B9-D2DA-4648-8175-EEA2CEB9F29C}"
EndProject
Global
	GlobalSection(SolutionConfigurationPlatforms) = preSolution
		Debug|Win32 = Debug|Win32
		Release|Win32 = Release|Win32
	EndGlobalSection
	GlobalSection(ProjectConfigurationPlatforms) = postSolution
		{127D52B9-D2DA-4648-8175-EEA2CEB9F29C}.Debug|Win32.ActiveCfg = Debug|Win32
		{127D52B9-D2DA-4648-8175-EEA2CEB9F29C}.Debug|Win32.Build.0 = Debug|Win32
		{127D52B9-D2DA-4648-8175-EEA2CEB9F29C}.Release|Win32.ActiveCfg = Release|Win32
		{127D52B9-D2DA-4648-8175-EEA2CEB9F29C}.Release|Win32.Build.0 = Release|Win32
	EndGlobalSection
	GlobalSection(SolutionProperties) = preSolution
		HideSolutionNode = FALSE
	EndGlobalSection
EndGlobal
